
Microsoft Visual Studio Solution File, Format Version 12.00
Project("{FAE04EC0-301F-11D3-BF4B-00C04F79EFBC}") = "DerivSmartRobot", "DerivSmartRobot\DerivSmartRobot.csproj", "{40A7D975-D7D9-4EDE-B9B8-C387973846A6}"
EndProject
Project("{FAE04EC0-301F-11D3-BF4B-00C04F79EFBC}") = "DerivSmartRobot.Redis", "DerivSmartRobot.Redis\DerivSmartRobot.Redis.csproj", "{8E6413BC-12BB-4B26-B05D-C0DC47AFE959}"
EndProject
Global
	GlobalSection(SolutionConfigurationPlatforms) = preSolution
		Debug|Any CPU = Debug|Any CPU
		Release|Any CPU = Release|Any CPU
	EndGlobalSection
	GlobalSection(ProjectConfigurationPlatforms) = postSolution
		{40A7D975-D7D9-4EDE-B9B8-C387973846A6}.Debug|Any CPU.ActiveCfg = Debug|Any CPU
		{40A7D975-D7D9-4EDE-B9B8-C387973846A6}.Debug|Any CPU.Build.0 = Debug|Any CPU
		{40A7D975-D7D9-4EDE-B9B8-C387973846A6}.Release|Any CPU.ActiveCfg = Release|Any CPU
		{40A7D975-D7D9-4EDE-B9B8-C387973846A6}.Release|Any CPU.Build.0 = Release|Any CPU
		{8E6413BC-12BB-4B26-B05D-C0DC47AFE959}.Debug|Any CPU.ActiveCfg = Debug|Any CPU
		{8E6413BC-12BB-4B26-B05D-C0DC47AFE959}.Debug|Any CPU.Build.0 = Debug|Any CPU
		{8E6413BC-12BB-4B26-B05D-C0DC47AFE959}.Release|Any CPU.ActiveCfg = Release|Any CPU
		{8E6413BC-12BB-4B26-B05D-C0DC47AFE959}.Release|Any CPU.Build.0 = Release|Any CPU
	EndGlobalSection
EndGlobal
